
Microsoft Visual Studio Solution File, Format Version 12.00
Project("{9A19103F-16F7-4668-BE54-9A1E7A4F7556}") = "BazosBotv2", "BazosBotv2\BazosBotv2.csproj", "{79A56671-D43E-41B8-B396-457E5FFB5F84}"
EndProject
Global
	GlobalSection(SolutionConfigurationPlatforms) = preSolution
		Debug|Any CPU = Debug|Any CPU
		Release|Any CPU = Release|Any CPU
	EndGlobalSection
	GlobalSection(ProjectConfigurationPlatforms) = postSolution
		{79A56671-D43E-41B8-B396-457E5FFB5F84}.Debug|Any CPU.ActiveCfg = Debug|Any CPU
		{79A56671-D43E-41B8-B396-457E5FFB5F84}.Debug|Any CPU.Build.0 = Debug|Any CPU
		{79A56671-D43E-41B8-B396-457E5FFB5F84}.Release|Any CPU.ActiveCfg = Release|Any CPU
		{79A56671-D43E-41B8-B396-457E5FFB5F84}.Release|Any CPU.Build.0 = Release|Any CPU
	EndGlobalSection
EndGlobal
